lockfileVersion: '9.0'

settings:
  autoInstallPeers: true
  excludeLinksFromLockfile: false

importers:

  .:
    dependencies:
      '@vercel/analytics':
        specifier: 1.3.1
        version: 1.3.1(next@14.2.25(react-dom@19.0.0(react@19.0.0))(react@19.0.0))(react@19.0.0)
      class-variance-authority:
        specifier: ^0.7.1
        version: 0.7.1
      clsx:
        specifier: ^2.1.1
        version: 2.1.1
      lucide-react:
        specifier: ^0.454.0
        version: 0.454.0(react@19.0.0)
      next:
        specifier: 14.2.25
        version: 14.2.25(react-dom@19.0.0(react@19.0.0))(react@19.0.0)
      react:
        specifier: ^19
        version: 19.0.0
      react-dom:
        specifier: ^19
        version: 19.0.0(react@19.0.0)
      tailwind-merge:
        specifier: ^2.5.5
        version: 2.5.5
      tailwindcss-animate:
        specifier: ^1.0.7
        version: 1.0.7(tailwindcss@4.1.16)
      tw-animate-css:
        specifier: latest
        version: 1.4.0
    devDependencies:
      '@types/node':
        specifier: ^22
        version: 22.0.0
      '@types/react':
        specifier: ^18
        version: 18.0.0
      '@types/react-dom':
        specifier: ^18
        version: 18.0.0
      postcss:
        specifier: ^8.5
        version: 8.5.0
      tailwindcss:
        specifier: 4.1.16
        version: 4.1.16
      typescript:
        specifier: ^5
        version: 5.0.2

packages:

  '@next/env@14.2.25':
    resolution: {integrity: sha512-JnzQ2cExDeG7FxJwqAksZ3aqVJrHjFwZQAEJ9gQZSoEhIow7SNoKZzju/AwQ+PLIR4NY8V0rhcVozx/2izDO0w==}

  '@next/swc-darwin-arm64@14.2.25':
    resolution: {integrity: sha512-09clWInF1YRd6le00vt750s3m7SEYNehz9C4PUcSu3bAdCTpjIV4aTYQZ25Ehrr83VR1rZeqtKUPWSI7GfuKZQ==}
    engines: {node: '>= 10'}
    cpu: [arm64]
    os: [darwin]

  '@next/swc-darwin-x64@14.2.25':
    resolution: {integrity: sha512-V+iYM/QR+aYeJl3/FWWU/7Ix4b07ovsQ5IbkwgUK29pTHmq+5UxeDr7/dphvtXEq5pLB/PucfcBNh9KZ8vWbug==}
    engines: {node: '>= 10'}
    cpu: [x64]
    os: [darwin]

  '@next/swc-linux-arm64-gnu@14.2.25':
    resolution: {integrity: sha512-LFnV2899PJZAIEHQ4IMmZIgL0FBieh5keMnriMY1cK7ompR+JUd24xeTtKkcaw8QmxmEdhoE5Mu9dPSuDBgtTg==}
    engines: {node: '>= 10'}
    cpu: [arm64]
    os: [linux]

  '@next/swc-linux-arm64-musl@14.2.25':
    resolution: {integrity: sha512-QC5y5PPTmtqFExcKWKYgUNkHeHE/z3lUsu83di488nyP0ZzQ3Yse2G6TCxz6nNsQwgAx1BehAJTZez+UQxzLfw==}
    engines: {node: '>= 10'}
    cpu: [arm64]
    os: [linux]

  '@next/swc-linux-x64-gnu@14.2.25':
    resolution: {integrity: sha512-y6/ML4b9eQ2D/56wqatTJN5/JR8/xdObU2Fb1RBidnrr450HLCKr6IJZbPqbv7NXmje61UyxjF5kvSajvjye5w==}
    engines: {node: '>= 10'}
    cpu: [x64]
    os: [linux]

  '@next/swc-linux-x64-musl@14.2.25':
    resolution: {integrity: sha512-sPX0TSXHGUOZFvv96GoBXpB3w4emMqKeMgemrSxI7A6l55VBJp/RKYLwZIB9JxSqYPApqiREaIIap+wWq0RU8w==}
    engines: {node: '>= 10'}
    cpu: [x64]
    os: [linux]

  '@next/swc-win32-arm64-msvc@14.2.25':
    resolution: {integrity: sha512-ReO9S5hkA1DU2cFCsGoOEp7WJkhFzNbU/3VUF6XxNGUCQChyug6hZdYL/istQgfT/GWE6PNIg9cm784OI4ddxQ==}
    engines: {node: '>= 10'}
    cpu: [arm64]
    os: [win32]

  '@next/swc-win32-ia32-msvc@14.2.25':
    resolution: {integrity: sha512-DZ/gc0o9neuCDyD5IumyTGHVun2dCox5TfPQI/BJTYwpSNYM3CZDI4i6TOdjeq1JMo+Ug4kPSMuZdwsycwFbAw==}
    engines: {node: '>= 10'}
    cpu: [ia32]
    os: [win32]

  '@next/swc-win32-x64-msvc@14.2.25':
    resolution: {integrity: sha512-KSznmS6eFjQ9RJ1nEc66kJvtGIL1iZMYmGEXsZPh2YtnLtqrgdVvKXJY2ScjjoFnG6nGLyPFR0UiEvDwVah4Tw==}
    engines: {node: '>= 10'}
    cpu: [x64]
    os: [win32]

  '@swc/counter@0.1.3':
    resolution: {integrity: sha512-e2BR4lsJkkRlKZ/qCHPw9ZaSxc0MVUd7gtbtaB7aMvHeJVYe8sOB8DBZkP2DtISHGSku9sCK6T6cnY0CtXrOCQ==}

  '@swc/helpers@0.5.5':
    resolution: {integrity: sha512-KGYxvIOXcceOAbEk4bi/dVLEK9z8sZ0uBB3Il5b1rhfClSpcX0yfRO0KmTkqR2cnQDymwLB+25ZyMzICg/cm/A==}

  '@types/node@22.0.0':
    resolution: {integrity: sha512-VT7KSYudcPOzP5Q0wfbowyNLaVR8QWUdw+088uFWwfvpY6uCWaXpqV6ieLAu9WBcnTa7H4Z5RLK8I5t2FuOcqw==}

  '@types/prop-types@15.7.15':
    resolution: {integrity: sha512-F6bEyamV9jKGAFBEmlQnesRPGOQqS2+Uwi0Em15xenOxHaf2hv6L8YCVn3rPdPJOiJfPiCnLIRyvwVaqMY3MIw==}

  '@types/react-dom@18.0.0':
    resolution: {integrity: sha512-49897Y0UiCGmxZqpC8Blrf6meL8QUla6eb+BBhn69dTXlmuOlzkfr7HHY/O8J25e1lTUMs+YYxSlVDAaGHCOLg==}

  '@types/react@18.0.0':
    resolution: {integrity: sha512-7+K7zEQYu7NzOwQGLR91KwWXXDzmTFODRVizJyIALf6RfLv2GDpqpknX64pvRVILXCpXi7O/pua8NGk44dLvJw==}

  '@types/scheduler@0.26.0':
    resolution: {integrity: sha512-WFHp9YUJQ6CKshqoC37iOlHnQSmxNc795UhB26CyBBttrN9svdIrUjl/NjnNmfcwtncN0h/0PPAFWv9ovP8mLA==}

  '@vercel/analytics@1.3.1':
    resolution: {integrity: sha512-xhSlYgAuJ6Q4WQGkzYTLmXwhYl39sWjoMA3nHxfkvG+WdBT25c563a7QhwwKivEOZtPJXifYHR1m2ihoisbWyA==}
    peerDependencies:
      next: '>= 13'
      react: ^18 || ^19
    peerDependenciesMeta:
      next:
        optional: true
      react:
        optional: true

  busboy@1.6.0:
    resolution: {integrity: sha512-8SFQbg/0hQ9xy3UNTB0YEnsNBbWfhf7RtnzpL7TkBiTBRfrQ9Fxcnz7VJsleJpyp6rVLvXiuORqjlHi5q+PYuA==}
    engines: {node: '>=10.16.0'}

  caniuse-lite@1.0.30001753:
    resolution: {integrity: sha512-Bj5H35MD/ebaOV4iDLqPEtiliTN29qkGtEHCwawWn4cYm+bPJM2NsaP30vtZcnERClMzp52J4+aw2UNbK4o+zw==}

  class-variance-authority@0.7.1:
    resolution: {integrity: sha512-Ka+9Trutv7G8M6WT6SeiRWz792K5qEqIGEGzXKhAE6xOWAY6pPH8U+9IY3oCMv6kqTmLsv7Xh/2w2RigkePMsg==}

  client-only@0.0.1:
    resolution: {integrity: sha512-IV3Ou0jSMzZrd3pZ48nLkT9DA7Ag1pnPzaiQhpW7c3RbcqqzvzzVu+L8gfqMp/8IM2MQtSiqaCxrrcfu8I8rMA==}

  clsx@2.1.1:
    resolution: {integrity: sha512-eYm0QWBtUrBWZWG0d386OGAw16Z995PiOVo2B7bjWSbHedGl5e0ZWaq65kOGgUSNesEIDkB9ISbTg/JK9dhCZA==}
    engines: {node: '>=6'}

  csstype@3.1.3:
    resolution: {integrity: sha512-M1uQkMl8rQK/szD0LNhtqxIPLpimGm8sOBwU7lLnCpSbTyY3yeU1Vc7l4KT5zT4s/yOxHH5O7tIuuLOCnLADRw==}

  graceful-fs@4.2.11:
    resolution: {integrity: sha512-RbJ5/jmFcNNCcDV5o9eTnBLJ/HszWV0P73bc+Ff4nS/rJj+YaS6IGyiOL0VoBYX+l1Wrl3k63h/KrH+nhJ0XvQ==}

  lucide-react@0.454.0:
    resolution: {integrity: sha512-hw7zMDwykCLnEzgncEEjHeA6+45aeEzRYuKHuyRSOPkhko+J3ySGjGIzu+mmMfDFG1vazHepMaYFYHbTFAZAAQ==}
    peerDependencies:
      react: ^16.5.1 || ^17.0.0 || ^18.0.0 || ^19.0.0-rc

  nanoid@3.3.11:
    resolution: {integrity: sha512-N8SpfPUnUp1bK+PMYW8qSWdl9U+wwNWI4QKxOYDy9JAro3WMX7p2OeVRF9v+347pnakNevPmiHhNmZ2HbFA76w==}
    engines: {node: ^10 || ^12 || ^13.7 || ^14 || >=15.0.1}
    hasBin: true

  next@14.2.25:
    resolution: {integrity: sha512-N5M7xMc4wSb4IkPvEV5X2BRRXUmhVHNyaXwEM86+voXthSZz8ZiRyQW4p9mwAoAPIm6OzuVZtn7idgEJeAJN3Q==}
    engines: {node: '>=18.17.0'}
    hasBin: true
    peerDependencies:
      '@opentelemetry/api': ^1.1.0
      '@playwright/test': ^1.41.2
      react: ^18.2.0
      react-dom: ^18.2.0
      sass: ^1.3.0
    peerDependenciesMeta:
      '@opentelemetry/api':
        optional: true
      '@playwright/test':
        optional: true
      sass:
        optional: true

  picocolors@1.1.1:
    resolution: {integrity: sha512-xceH2snhtb5M9liqDsmEw56le376mTZkEX/jEb/RxNFyegNul7eNslCXP9FDj/Lcu0X8KEyMceP2ntpaHrDEVA==}

  postcss@8.4.31:
    resolution: {integrity: sha512-PS08Iboia9mts/2ygV3eLpY5ghnUcfLV/EXTOW1E2qYxJKGGBUtNjN76FYHnMs36RmARn41bC0AZmn+rR0OVpQ==}
    engines: {node: ^10 || ^12 || >=14}

  postcss@8.5.0:
    resolution: {integrity: sha512-27VKOqrYfPncKA2NrFOVhP5MGAfHKLYn/Q0mz9cNQyRAKYi3VNHwYU2qKKqPCqgBmeeJ0uAFB56NumXZ5ZReXg==}
    engines: {node: ^10 || ^12 || >=14}

  react-dom@19.0.0:
    resolution: {integrity: sha512-4GV5sHFG0e/0AD4X+ySy6UJd3jVl1iNsNHdpad0qhABJ11twS3TTBnseqsKurKcsNqCEFeGL3uLpVChpIO3QfQ==}
    peerDependencies:
      react: ^19.0.0

  react@19.0.0:
    resolution: {integrity: sha512-V8AVnmPIICiWpGfm6GLzCR/W5FXLchHop40W4nXBmdlEceh16rCN8O8LNWm5bh5XUX91fh7KpA+W0TgMKmgTpQ==}
    engines: {node: '>=0.10.0'}

  scheduler@0.25.0:
    resolution: {integrity: sha512-xFVuu11jh+xcO7JOAGJNOXld8/TcEHK/4CituBUeUb5hqxJLj9YuemAEuvm9gQ/+pgXYfbQuqAkiYu+u7YEsNA==}

  server-only@0.0.1:
    resolution: {integrity: sha512-qepMx2JxAa5jjfzxG79yPPq+8BuFToHd1hm7kI+Z4zAq1ftQiP7HcxMhDDItrbtwVeLg/cY2JnKnrcFkmiswNA==}

  source-map-js@1.2.1:
    resolution: {integrity: sha512-UXWMKhLOwVKb728IUtQPXxfYU+usdybtUrK/8uGE8CQMvrhOpwvzDBwj0QhSL7MQc7vIsISBG8VQ8+IDQxpfQA==}
    engines: {node: '>=0.10.0'}

  streamsearch@1.1.0:
    resolution: {integrity: sha512-Mcc5wHehp9aXz1ax6bZUyY5afg9u2rv5cqQI3mRrYkGC8rW2hM02jWuwjtL++LS5qinSyhj2QfLyNsuc+VsExg==}
    engines: {node: '>=10.0.0'}

  styled-jsx@5.1.1:
    resolution: {integrity: sha512-pW7uC1l4mBZ8ugbiZrcIsiIvVx1UmTfw7UkC3Um2tmfUq9Bhk8IiyEIPl6F8agHgjzku6j0xQEZbfA5uSgSaCw==}
    engines: {node: '>= 12.0.0'}
    peerDependencies:
      '@babel/core': '*'
      babel-plugin-macros: '*'
      react: '>= 16.8.0 || 17.x.x || ^18.0.0-0'
    peerDependenciesMeta:
      '@babel/core':
        optional: true
      babel-plugin-macros:
        optional: true

  tailwind-merge@2.5.5:
    resolution: {integrity: sha512-0LXunzzAZzo0tEPxV3I297ffKZPlKDrjj7NXphC8V5ak9yHC5zRmxnOe2m/Rd/7ivsOMJe3JZ2JVocoDdQTRBA==}

  tailwindcss-animate@1.0.7:
    resolution: {integrity: sha512-bl6mpH3T7I3UFxuvDEXLxy/VuFxBk5bbzplh7tXI68mwMokNYd1t9qPBHlnyTwfa4JGC4zP516I1hYYtQ/vspA==}
    peerDependencies:
      tailwindcss: '>=3.0.0 || insiders'

  tailwindcss@4.1.16:
    resolution: {integrity: sha512-pONL5awpaQX4LN5eiv7moSiSPd/DLDzKVRJz8Q9PgzmAdd1R4307GQS2ZpfiN7ZmekdQrfhZZiSE5jkLR4WNaA==}

  tslib@2.8.1:
    resolution: {integrity: sha512-oJFu94HQb+KVduSUQL7wnpmqnfmLsOA/nAh6b6EH0wCEoK0/mPeXU6c3wKDV83MkOuHPRHtSXKKU99IBazS/2w==}

  tw-animate-css@1.4.0:
    resolution: {integrity: sha512-7bziOlRqH0hJx80h/3mbicLW7o8qLsH5+RaLR2t+OHM3D0JlWGODQKQ4cxbK7WlvmUxpcj6Kgu6EKqjrGFe3QQ==}

  typescript@5.0.2:
    resolution: {integrity: sha512-wVORMBGO/FAs/++blGNeAVdbNKtIh1rbBL2EyQ1+J9lClJ93KiiKe8PmFIVdXhHcyv44SL9oglmfeSsndo0jRw==}
    engines: {node: '>=12.20'}
    hasBin: true

  undici-types@6.11.1:
    resolution: {integrity: sha512-mIDEX2ek50x0OlRgxryxsenE5XaQD4on5U2inY7RApK3SOJpofyw7uW2AyfMKkhAxXIceo2DeWGVGwyvng1GNQ==}

snapshots:

  '@next/env@14.2.25': {}

  '@next/swc-darwin-arm64@14.2.25':
    optional: true

  '@next/swc-darwin-x64@14.2.25':
    optional: true

  '@next/swc-linux-arm64-gnu@14.2.25':
    optional: true

  '@next/swc-linux-arm64-musl@14.2.25':
    optional: true

  '@next/swc-linux-x64-gnu@14.2.25':
    optional: true

  '@next/swc-linux-x64-musl@14.2.25':
    optional: true

  '@next/swc-win32-arm64-msvc@14.2.25':
    optional: true

  '@next/swc-win32-ia32-msvc@14.2.25':
    optional: true

  '@next/swc-win32-x64-msvc@14.2.25':
    optional: true

  '@swc/counter@0.1.3': {}

  '@swc/helpers@0.5.5':
    dependencies:
      '@swc/counter': 0.1.3
      tslib: 2.8.1

  '@types/node@22.0.0':
    dependencies:
      undici-types: 6.11.1

  '@types/prop-types@15.7.15': {}

  '@types/react-dom@18.0.0':
    dependencies:
      '@types/react': 18.0.0

  '@types/react@18.0.0':
    dependencies:
      '@types/prop-types': 15.7.15
      '@types/scheduler': 0.26.0
      csstype: 3.1.3

  '@types/scheduler@0.26.0': {}

  '@vercel/analytics@1.3.1(next@14.2.25(react-dom@19.0.0(react@19.0.0))(react@19.0.0))(react@19.0.0)':
    dependencies:
      server-only: 0.0.1
    optionalDependencies:
      next: 14.2.25(react-dom@19.0.0(react@19.0.0))(react@19.0.0)
      react: 19.0.0

  busboy@1.6.0:
    dependencies:
      streamsearch: 1.1.0

  caniuse-lite@1.0.30001753: {}

  class-variance-authority@0.7.1:
    dependencies:
      clsx: 2.1.1

  client-only@0.0.1: {}

  clsx@2.1.1: {}

  csstype@3.1.3: {}

  graceful-fs@4.2.11: {}

  lucide-react@0.454.0(react@19.0.0):
    dependencies:
      react: 19.0.0

  nanoid@3.3.11: {}

  next@14.2.25(react-dom@19.0.0(react@19.0.0))(react@19.0.0):
    dependencies:
      '@next/env': 14.2.25
      '@swc/helpers': 0.5.5
      busboy: 1.6.0
      caniuse-lite: 1.0.30001753
      graceful-fs: 4.2.11
      postcss: 8.4.31
      react: 19.0.0
      react-dom: 19.0.0(react@19.0.0)
      styled-jsx: 5.1.1(react@19.0.0)
    optionalDependencies:
      '@next/swc-darwin-arm64': 14.2.25
      '@next/swc-darwin-x64': 14.2.25
      '@next/swc-linux-arm64-gnu': 14.2.25
      '@next/swc-linux-arm64-musl': 14.2.25
      '@next/swc-linux-x64-gnu': 14.2.25
      '@next/swc-linux-x64-musl': 14.2.25
      '@next/swc-win32-arm64-msvc': 14.2.25
      '@next/swc-win32-ia32-msvc': 14.2.25
      '@next/swc-win32-x64-msvc': 14.2.25
    transitivePeerDependencies:
      - '@babel/core'
      - babel-plugin-macros

  picocolors@1.1.1: {}

  postcss@8.4.31:
    dependencies:
      nanoid: 3.3.11
      picocolors: 1.1.1
      source-map-js: 1.2.1

  postcss@8.5.0:
    dependencies:
      nanoid: 3.3.11
      picocolors: 1.1.1
      source-map-js: 1.2.1

  react-dom@19.0.0(react@19.0.0):
    dependencies:
      react: 19.0.0
      scheduler: 0.25.0

  react@19.0.0: {}

  scheduler@0.25.0: {}

  server-only@0.0.1: {}

  source-map-js@1.2.1: {}

  streamsearch@1.1.0: {}

  styled-jsx@5.1.1(react@19.0.0):
    dependencies:
      client-only: 0.0.1
      react: 19.0.0

  tailwind-merge@2.5.5: {}

  tailwindcss-animate@1.0.7(tailwindcss@4.1.16):
    dependencies:
      tailwindcss: 4.1.16

  tailwindcss@4.1.16: {}

  tslib@2.8.1: {}

  tw-animate-css@1.4.0: {}

  typescript@5.0.2: {}

  undici-types@6.11.1: {}
